
Microsoft Visual Studio Solution File, Format Version 12.00
# Visual Studio Version 17
VisualStudioVersion = 17.0.32014.148
MinimumVisualStudioVersion = 10.0.40219.1
Project("{FAE04EC0-301F-11D3-BF4B-00C04F79EFBC}") = "chalesh_01", "chalesh_01\chalesh_01.csproj", "{12B7AEED-5F65-4D1F-B175-665A5C812907}"
EndProject
Project("{FAE04EC0-301F-11D3-BF4B-00C04F79EFBC}") = "chalesh_01.core", "chalesh_01.core\chalesh_01.core.csproj", "{0A714DF0-4FFB-4B32-A194-E4F580F01DE0}"
EndProject
Global
	GlobalSection(SolutionConfigurationPlatforms) = preSolution
		Debug|Any CPU = Debug|Any CPU
		Release|Any CPU = Release|Any CPU
	EndGlobalSection
	GlobalSection(ProjectConfigurationPlatforms) = postSolution
		{12B7AEED-5F65-4D1F-B175-665A5C812907}.Debug|Any CPU.ActiveCfg = Debug|Any CPU
		{12B7AEED-5F65-4D1F-B175-665A5C812907}.Debug|Any CPU.Build.0 = Debug|Any CPU
		{12B7AEED-5F65-4D1F-B175-665A5C812907}.Release|Any CPU.ActiveCfg = Release|Any CPU
		{12B7AEED-5F65-4D1F-B175-665A5C812907}.Release|Any CPU.Build.0 = Release|Any CPU
		{0A714DF0-4FFB-4B32-A194-E4F580F01DE0}.Debug|Any CPU.ActiveCfg = Debug|Any CPU
		{0A714DF0-4FFB-4B32-A194-E4F580F01DE0}.Debug|Any CPU.Build.0 = Debug|Any CPU
		{0A714DF0-4FFB-4B32-A194-E4F580F01DE0}.Release|Any CPU.ActiveCfg = Release|Any CPU
		{0A714DF0-4FFB-4B32-A194-E4F580F01DE0}.Release|Any CPU.Build.0 = Release|Any CPU
	EndGlobalSection
	GlobalSection(SolutionProperties) = preSolution
		HideSolutionNode = FALSE
	EndGlobalSection
	GlobalSection(ExtensibilityGlobals) = postSolution
		SolutionGuid = {D023E02E-AAC7-46EA-A316-A60A4148B47A}
	EndGlobalSection
EndGlobal
